// !$*UTF8*$!
{
	archiveVersion = 1;
	classes = {
	};
	objectVersion = 48;
	objects = {

/* Begin PBXBuildFile section */
		172ADCFF202ACD29001EFBFF /* PhotoBrowser.swift in Sources */ = {isa = PBXBuildFile; fileRef = 172ADCFE202ACD29001EFBFF /* PhotoBrowser.swift */; };
		172ADD01202AF48E001EFBFF /* BrowserCollectionCell.swift in Sources */ = {isa = PBXBuildFile; fileRef = 172ADD00202AF48E001EFBFF /* BrowserCollectionCell.swift */; };
		177C060C202BFF930003DB19 /* image4.png in Resources */ = {isa = PBXBuildFile; fileRef = 177C060B202BFF930003DB19 /* image4.png */; };
		177C060E202C435D0003DB19 /* my.png in Resources */ = {isa = PBXBuildFile; fileRef = 177C060D202C435D0003DB19 /* my.png */; };
		17AA32DD200F2896007A261E /* Alamofire.framework in Frameworks */ = {isa = PBXBuildFile; fileRef = 17AA32DF200F2896007A261E /* Alamofire.framework */; };
		17AA32DE200F2896007A261E /* SwiftyJSON.framework in Frameworks */ = {isa = PBXBuildFile; fileRef = 17AA32E0200F2896007A261E /* SwiftyJSON.framework */; };
		17D1214A20035D8500EE6C59 /* AppDelegate.swift in Sources */ = {isa = PBXBuildFile; fileRef = 17D1214920035D8500EE6C59 /* AppDelegate.swift */; };
		17D1214C20035D8500EE6C59 /* ViewController.swift in Sources */ = {isa = PBXBuildFile; fileRef = 17D1214B20035D8500EE6C59 /* ViewController.swift */; };
		17D1214F20035D8500EE6C59 /* Main.storyboard in Resources */ = {isa = PBXBuildFile; fileRef = 17D1214D20035D8500EE6C59 /* Main.storyboard */; };
		17D1215120035D8500EE6C59 /* Assets.xcassets in Resources */ = {isa = PBXBuildFile; fileRef = 17D1215020035D8500EE6C59 /* Assets.xcassets */; };
		17D1215420035D8500EE6C59 /* LaunchScreen.storyboard in Resources */ = {isa = PBXBuildFile; fileRef = 17D1215220035D8500EE6C59 /* LaunchScreen.storyboard */; };
		17D1215F20035D8500EE6C59 /* reuserProductTests.swift in Sources */ = {isa = PBXBuildFile; fileRef = 17D1215E20035D8500EE6C59 /* reuserProductTests.swift */; };
		17D1216A20035D8500EE6C59 /* reuserProductUITests.swift in Sources */ = {isa = PBXBuildFile; fileRef = 17D1216920035D8500EE6C59 /* reuserProductUITests.swift */; };
		6D4C2612FBDBDBDA70F97A52 /* Pods_reuserProduct.framework in Frameworks */ = {isa = PBXBuildFile; fileRef = 95BF42F164DFE6FC8B8D1048 /* Pods_reuserProduct.framework */; };
/* End PBXBuildFile section */

/* Begin PBXContainerItemProxy section */
		17D1215B20035D8500EE6C59 /* PBXContainerItemProxy */ = {
			isa = PBXContainerItemProxy;
			containerPortal = 17D1213E20035D8500EE6C59 /* Project object */;
			proxyType = 1;
			remoteGlobalIDString = 17D1214520035D8500EE6C59;
			remoteInfo = reuserProduct;
		};
		17D1216620035D8500EE6C59 /* PBXContainerItemProxy */ = {
			isa = PBXContainerItemProxy;
			containerPortal = 17D1213E20035D8500EE6C59 /* Project object */;
			proxyType = 1;
			remoteGlobalIDString = 17D1214520035D8500EE6C59;
			remoteInfo = reuserProduct;
		};
/* End PBXContainerItemProxy section */

/* Begin PBXFileReference section */
		088C87BD0E38F89CFED80488 /* Pods-reuserProduct.debug.xcconfig */ = {isa = PBXFileReference; includeInIndex = 1; lastKnownFileType = text.xcconfig; name = "Pods-reuserProduct.debug.xcconfig"; path = "Pods/Target Support Files/Pods-reuserProduct/Pods-reuserProduct.debug.xcconfig"; sourceTree = "<group>"; };
		172ADCFE202ACD29001EFBFF /* PhotoBrowser.swift */ = {isa = PBXFileReference; lastKnownFileType = sourcecode.swift; path = PhotoBrowser.swift; sourceTree = "<group>"; };
		172ADD00202AF48E001EFBFF /* BrowserCollectionCell.swift */ = {isa = PBXFileReference; lastKnownFileType = sourcecode.swift; path = BrowserCollectionCell.swift; sourceTree = "<group>"; };
		177C060B202BFF930003DB19 /* image4.png */ = {isa = PBXFileReference; lastKnownFileType = image.png; path = image4.png; sourceTree = "<group>"; };
		177C060D202C435D0003DB19 /* my.png */ = {isa = PBXFileReference; lastKnownFileType = image.png; path = my.png; sourceTree = "<group>"; };
		17AA32DF200F2896007A261E /* Alamofire.framework */ = {isa = PBXFileReference; explicitFileType = wrapper.framework; path = Alamofire.framework; sourceTree = BUILT_PRODUCTS_DIR; };
		17AA32E0200F2896007A261E /* SwiftyJSON.framework */ = {isa = PBXFileReference; explicitFileType = wrapper.framework; path = SwiftyJSON.framework; sourceTree = BUILT_PRODUCTS_DIR; };
		17D1214620035D8500EE6C59 /* reuserProduct.app */ = {isa = PBXFileReference; explicitFileType = wrapper.application; includeInIndex = 0; path = reuserProduct.app; sourceTree = BUILT_PRODUCTS_DIR; };
		17D1214920035D8500EE6C59 /* AppDelegate.swift */ = {isa = PBXFileReference; lastKnownFileType = sourcecode.swift; path = AppDelegate.swift; sourceTree = "<group>"; };
		17D1214B20035D8500EE6C59 /* ViewController.swift */ = {isa = PBXFileReference; lastKnownFileType = sourcecode.swift; path = ViewController.swift; sourceTree = "<group>"; };
		17D1214E20035D8500EE6C59 /* Base */ = {isa = PBXFileReference; lastKnownFileType = file.storyboard; name = Base; path = Base.lproj/Main.storyboard; sourceTree = "<group>"; };
		17D1215020035D8500EE6C59 /* Assets.xcassets */ = {isa = PBXFileReference; lastKnownFileType = folder.assetcatalog; path = Assets.xcassets; sourceTree = "<group>"; };
		17D1215320035D8500EE6C59 /* Base */ = {isa = PBXFileReference; lastKnownFileType = file.storyboard; name = Base; path = Base.lproj/LaunchScreen.storyboard; sourceTree = "<group>"; };
		17D1215520035D8500EE6C59 /* Info.plist */ = {isa = PBXFileReference; lastKnownFileType = text.plist.xml; path = Info.plist; sourceTree = "<group>"; };
		17D1215A20035D8500EE6C59 /* reuserProductTests.xctest */ = {isa = PBXFileReference; explicitFileType = wrapper.cfbundle; includeInIndex = 0; path = reuserProductTests.xctest; sourceTree = BUILT_PRODUCTS_DIR; };
		17D1215E20035D8500EE6C59 /* reuserProductTests.swift */ = {isa = PBXFileReference; lastKnownFileType = sourcecode.swift; path = reuserProductTests.swift; sourceTree = "<group>"; };
		17D1216020035D8500EE6C59 /* Info.plist */ = {isa = PBXFileReference; lastKnownFileType = text.plist.xml; path = Info.plist; sourceTree = "<group>"; };
		17D1216520035D8500EE6C59 /* reuserProductUITests.xctest */ = {isa = PBXFileReference; explicitFileType = wrapper.cfbundle; includeInIndex = 0; path = reuserProductUITests.xctest; sourceTree = BUILT_PRODUCTS_DIR; };
		17D1216920035D8500EE6C59 /* reuserProductUITests.swift */ = {isa = PBXFileReference; lastKnownFileType = sourcecode.swift; path = reuserProductUITests.swift; sourceTree = "<group>"; };
		17D1216B20035D8500EE6C59 /* Info.plist */ = {isa = PBXFileReference; lastKnownFileType = text.plist.xml; path = Info.plist; sourceTree = "<group>"; };
		18FA0D11A3D3C465D974403E /* Pods-reuserProduct.release.xcconfig */ = {isa = PBXFileReference; includeInIndex = 1; lastKnownFileType = text.xcconfig; name = "Pods-reuserProduct.release.xcconfig"; path = "Pods/Target Support Files/Pods-reuserProduct/Pods-reuserProduct.release.xcconfig"; sourceTree = "<group>"; };
		95BF42F164DFE6FC8B8D1048 /* Pods_reuserProduct.framework */ = {isa = PBXFileReference; explicitFileType = wrapper.framework; includeInIndex = 0; path = Pods_reuserProduct.framework; sourceTree = BUILT_PRODUCTS_DIR; };
/* End PBXFileReference section */

/* Begin PBXFrameworksBuildPhase section */
		17D1214320035D8500EE6C59 /* Frameworks */ = {
			isa = PBXFrameworksBuildPhase;
			buildActionMask = 2147483647;
			files = (
				17AA32DD200F2896007A261E /* Alamofire.framework in Frameworks */,
				17AA32DE200F2896007A261E /* SwiftyJSON.framework in Frameworks */,
				6D4C2612FBDBDBDA70F97A52 /* Pods_reuserProduct.framework in Frameworks */,
			);
			runOnlyForDeploymentPostprocessing = 0;
		};
		17D1215720035D8500EE6C59 /* Frameworks */ = {
			isa = PBXFrameworksBuildPhase;
			buildActionMask = 2147483647;
			files = (
			);
			runOnlyForDeploymentPostprocessing = 0;
		};
		17D1216220035D8500EE6C59 /* Frameworks */ = {
			isa = PBXFrameworksBuildPhase;
			buildActionMask = 2147483647;
			files = (
			);
			runOnlyForDeploymentPostprocessing = 0;
		};
/* End PBXFrameworksBuildPhase section */

/* Begin PBXGroup section */
		17D1213D20035D8500EE6C59 = {
			isa = PBXGroup;
			children = (
				17D1214820035D8500EE6C59 /* reuserProduct */,
				17D1215D20035D8500EE6C59 /* reuserProductTests */,
				17D1216820035D8500EE6C59 /* reuserProductUITests */,
				17D1214720035D8500EE6C59 /* Products */,
				7005C29F7A33F4F37D62967F /* Pods */,
				DEE047708B2868FF09C6ED60 /* Frameworks */,
			);
			sourceTree = "<group>";
		};
		17D1214720035D8500EE6C59 /* Products */ = {
			isa = PBXGroup;
			children = (
				17D1214620035D8500EE6C59 /* reuserProduct.app */,
				17D1215A20035D8500EE6C59 /* reuserProductTests.xctest */,
				17D1216520035D8500EE6C59 /* reuserProductUITests.xctest */,
			);
			name = Products;
			sourceTree = "<group>";
		};
		17D1214820035D8500EE6C59 /* reuserProduct */ = {
			isa = PBXGroup;
			children = (
				17D1214920035D8500EE6C59 /* AppDelegate.swift */,
				17D1214B20035D8500EE6C59 /* ViewController.swift */,
				17D1214D20035D8500EE6C59 /* Main.storyboard */,
				17D1215020035D8500EE6C59 /* Assets.xcassets */,
				17D1215220035D8500EE6C59 /* LaunchScreen.storyboard */,
				177C060D202C435D0003DB19 /* my.png */,
				177C060B202BFF930003DB19 /* image4.png */,
				17D1215520035D8500EE6C59 /* Info.plist */,
				172ADCFE202ACD29001EFBFF /* PhotoBrowser.swift */,
				172ADD00202AF48E001EFBFF /* BrowserCollectionCell.swift */,
			);
			path = reuserProduct;
			sourceTree = "<group>";
		};
		17D1215D20035D8500EE6C59 /* reuserProductTests */ = {
			isa = PBXGroup;
			children = (
				17D1215E20035D8500EE6C59 /* reuserProductTests.swift */,
				17D1216020035D8500EE6C59 /* Info.plist */,
			);
			path = reuserProductTests;
			sourceTree = "<group>";
		};
		17D1216820035D8500EE6C59 /* reuserProductUITests */ = {
			isa = PBXGroup;
			children = (
				17D1216920035D8500EE6C59 /* reuserProductUITests.swift */,
				17D1216B20035D8500EE6C59 /* Info.plist */,
			);
			path = reuserProductUITests;
			sourceTree = "<group>";
		};
		7005C29F7A33F4F37D62967F /* Pods */ = {
			isa = PBXGroup;
			children = (
				088C87BD0E38F89CFED80488 /* Pods-reuserProduct.debug.xcconfig */,
				18FA0D11A3D3C465D974403E /* Pods-reuserProduct.release.xcconfig */,
			);
			name = Pods;
			sourceTree = "<group>";
		};
		DEE047708B2868FF09C6ED60 /* Frameworks */ = {
			isa = PBXGroup;
			children = (
				17AA32DF200F2896007A261E /* Alamofire.framework */,
				17AA32E0200F2896007A261E /* SwiftyJSON.framework */,
				95BF42F164DFE6FC8B8D1048 /* Pods_reuserProduct.framework */,
			);
			name = Frameworks;
			sourceTree = "<group>";
		};
/* End PBXGroup section */

/* Begin PBXNativeTarget section */
		17D1214520035D8500EE6C59 /* reuserProduct */ = {
			isa = PBXNativeTarget;
			buildConfigurationList = 17D1216E20035D8500EE6C59 /* Build configuration list for PBXNativeTarget "reuserProduct" */;
			buildPhases = (
				89A625345FF0944A2278DAB7 /* [CP] Check Pods Manifest.lock */,
				17D1214220035D8500EE6C59 /* Sources */,
				17D1214320035D8500EE6C59 /* Frameworks */,
				17D1214420035D8500EE6C59 /* Resources */,
				4A9A0F6D8F086FA4E9798BEA /* [CP] Embed Pods Frameworks */,
				4D3731CD8C00DBE904248B75 /* [CP] Copy Pods Resources */,
			);
			buildRules = (
			);
			dependencies = (
			);
			name = reuserProduct;
			productName = reuserProduct;
			productReference = 17D1214620035D8500EE6C59 /* reuserProduct.app */;
			productType = "com.apple.product-type.application";
		};
		17D1215920035D8500EE6C59 /* reuserProductTests */ = {
			isa = PBXNativeTarget;
			buildConfigurationList = 17D1217120035D8500EE6C59 /* Build configuration list for PBXNativeTarget "reuserProductTests" */;
			buildPhases = (
				17D1215620035D8500EE6C59 /* Sources */,
				17D1215720035D8500EE6C59 /* Frameworks */,
				17D1215820035D8500EE6C59 /* Resources */,
			);
			buildRules = (
			);
			dependencies = (
				17D1215C20035D8500EE6C59 /* PBXTargetDependency */,
			);
			name = reuserProductTests;
			productName = reuserProductTests;
			productReference = 17D1215A20035D8500EE6C59 /* reuserProductTests.xctest */;
			productType = "com.apple.product-type.bundle.unit-test";
		};
		17D1216420035D8500EE6C59 /* reuserProductUITests */ = {
			isa = PBXNativeTarget;
			buildConfigurationList = 17D1217420035D8500EE6C59 /* Build configuration list for PBXNativeTarget "reuserProductUITests" */;
			buildPhases = (
				17D1216120035D8500EE6C59 /* Sources */,
				17D1216220035D8500EE6C59 /* Frameworks */,
				17D1216320035D8500EE6C59 /* Resources */,
			);
			buildRules = (
			);
			dependencies = (
				17D1216720035D8500EE6C59 /* PBXTargetDependency */,
			);
			name = reuserProductUITests;
			productName = reuserProductUITests;
			productReference = 17D1216520035D8500EE6C59 /* reuserProductUITests.xctest */;
			productType = "com.apple.product-type.bundle.ui-testing";
		};
/* End PBXNativeTarget section */

/* Begin PBXProject section */
		17D1213E20035D8500EE6C59 /* Project object */ = {
			isa = PBXProject;
			attributes = {
				LastSwiftUpdateCheck = 0900;
				LastUpgradeCheck = 0900;
				ORGANIZATIONNAME = LeoFeng;
				TargetAttributes = {
					17D1214520035D8500EE6C59 = {
						CreatedOnToolsVersion = 9.0;
						ProvisioningStyle = Automatic;
					};
					17D1215920035D8500EE6C59 = {
						CreatedOnToolsVersion = 9.0;
						ProvisioningStyle = Automatic;
						TestTargetID = 17D1214520035D8500EE6C59;
					};
					17D1216420035D8500EE6C59 = {
						CreatedOnToolsVersion = 9.0;
						ProvisioningStyle = Automatic;
						TestTargetID = 17D1214520035D8500EE6C59;
					};
				};
			};
			buildConfigurationList = 17D1214120035D8500EE6C59 /* Build configuration list for PBXProject "reuserProduct" */;
			compatibilityVersion = "Xcode 8.0";
			developmentRegion = en;
			hasScannedForEncodings = 0;
			knownRegions = (
				en,
				Base,
			);
			mainGroup = 17D1213D20035D8500EE6C59;
			productRefGroup = 17D1214720035D8500EE6C59 /* Products */;
			projectDirPath = "";
			projectRoot = "";
			targets = (
				17D1214520035D8500EE6C59 /* reuserProduct */,
				17D1215920035D8500EE6C59 /* reuserProductTests */,
				17D1216420035D8500EE6C59 /* reuserProductUITests */,
			);
		};
/* End PBXProject section */

/* Begin PBXResourcesBuildPhase section */
		17D1214420035D8500EE6C59 /* Resources */ = {
			isa = PBXResourcesBuildPhase;
			buildActionMask = 2147483647;
			files = (
				17D1215420035D8500EE6C59 /* LaunchScreen.storyboard in Resources */,
				177C060E202C435D0003DB19 /* my.png in Resources */,
				177C060C202BFF930003DB19 /* image4.png in Resources */,
				17D1215120035D8500EE6C59 /* Assets.xcassets in Resources */,
				17D1214F20035D8500EE6C59 /* Main.storyboard in Resources */,
			);
			runOnlyForDeploymentPostprocessing = 0;
		};
		17D1215820035D8500EE6C59 /* Resources */ = {
			isa = PBXResourcesBuildPhase;
			buildActionMask = 2147483647;
			files = (
			);
			runOnlyForDeploymentPostprocessing = 0;
		};
		17D1216320035D8500EE6C59 /* Resources */ = {
			isa = PBXResourcesBuildPhase;
			buildActionMask = 2147483647;
			files = (
			);
			runOnlyForDeploymentPostprocessing = 0;
		};
/* End PBXResourcesBuildPhase section */

/* Begin PBXShellScriptBuildPhase section */
		4A9A0F6D8F086FA4E9798BEA /* [CP] Embed Pods Frameworks */ = {
			isa = PBXShellScriptBuildPhase;
			buildActionMask = 2147483647;
			files = (
			);
			inputPaths = (
			);
			name = "[CP] Embed Pods Frameworks";
			outputPaths = (
			);
			runOnlyForDeploymentPostprocessing = 0;
			shellPath = /bin/sh;
			shellScript = "\"${SRCROOT}/Pods/Target Support Files/Pods-reuserProduct/Pods-reuserProduct-frameworks.sh\"\n";
			showEnvVarsInLog = 0;
		};
		4D3731CD8C00DBE904248B75 /* [CP] Copy Pods Resources */ = {
			isa = PBXShellScriptBuildPhase;
			buildActionMask = 2147483647;
			files = (
			);
			inputPaths = (
			);
			name = "[CP] Copy Pods Resources";
			outputPaths = (
			);
			runOnlyForDeploymentPostprocessing = 0;
			shellPath = /bin/sh;
			shellScript = "\"${SRCROOT}/Pods/Target Support Files/Pods-reuserProduct/Pods-reuserProduct-resources.sh\"\n";
			showEnvVarsInLog = 0;
		};
		89A625345FF0944A2278DAB7 /* [CP] Check Pods Manifest.lock */ = {
			isa = PBXShellScriptBuildPhase;
			buildActionMask = 2147483647;
			files = (
			);
			inputPaths = (
			);
			name = "[CP] Check Pods Manifest.lock";
			outputPaths = (
			);
			runOnlyForDeploymentPostprocessing = 0;
			shellPath = /bin/sh;
			shellScript = "diff \"${PODS_PODFILE_DIR_PATH}/Podfile.lock\" \"${PODS_ROOT}/Manifest.lock\" > /dev/null\nif [ $? != 0 ] ; then\n    # print error to STDERR\n    echo \"error: The sandbox is not in sync with the Podfile.lock. Run 'pod install' or update your CocoaPods installation.\" >&2\n    exit 1\nfi\n";
			showEnvVarsInLog = 0;
		};
/* End PBXShellScriptBuildPhase section */

/* Begin PBXSourcesBuildPhase section */
		17D1214220035D8500EE6C59 /* Sources */ = {
			isa = PBXSourcesBuildPhase;
			buildActionMask = 2147483647;
			files = (
				17D1214C20035D8500EE6C59 /* ViewController.swift in Sources */,
				17D1214A20035D8500EE6C59 /* AppDelegate.swift in Sources */,
				172ADD01202AF48E001EFBFF /* BrowserCollectionCell.swift in Sources */,
				172ADCFF202ACD29001EFBFF /* PhotoBrowser.swift in Sources */,
			);
			runOnlyForDeploymentPostprocessing = 0;
		};
		17D1215620035D8500EE6C59 /* Sources */ = {
			isa = PBXSourcesBuildPhase;
			buildActionMask = 2147483647;
			files = (
				17D1215F20035D8500EE6C59 /* reuserProductTests.swift in Sources */,
			);
			runOnlyForDeploymentPostprocessing = 0;
		};
		17D1216120035D8500EE6C59 /* Sources */ = {
			isa = PBXSourcesBuildPhase;
			buildActionMask = 2147483647;
			files = (
				17D1216A20035D8500EE6C59 /* reuserProductUITests.swift in Sources */,
			);
			runOnlyForDeploymentPostprocessing = 0;
		};
/* End PBXSourcesBuildPhase section */

/* Begin PBXTargetDependency section */
		17D1215C20035D8500EE6C59 /* PBXTargetDependency */ = {
			isa = PBXTargetDependency;
			target = 17D1214520035D8500EE6C59 /* reuserProduct */;
			targetProxy = 17D1215B20035D8500EE6C59 /* PBXContainerItemProxy */;
		};
		17D1216720035D8500EE6C59 /* PBXTargetDependency */ = {
			isa = PBXTargetDependency;
			target = 17D1214520035D8500EE6C59 /* reuserProduct */;
			targetProxy = 17D1216620035D8500EE6C59 /* PBXContainerItemProxy */;
		};
/* End PBXTargetDependency section */

/* Begin PBXVariantGroup section */
		17D1214D20035D8500EE6C59 /* Main.storyboard */ = {
			isa = PBXVariantGroup;
			children = (
				17D1214E20035D8500EE6C59 /* Base */,
			);
			name = Main.storyboard;
			sourceTree = "<group>";
		};
		17D1215220035D8500EE6C59 /* LaunchScreen.storyboard */ = {
			isa = PBXVariantGroup;
			children = (
				17D1215320035D8500EE6C59 /* Base */,
			);
			name = LaunchScreen.storyboard;
			sourceTree = "<group>";
		};
/* End PBXVariantGroup section */

/* Begin XCBuildConfiguration section */
		17D1216C20035D8500EE6C59 /* Debug */ = {
			isa = XCBuildConfiguration;
			buildSettings = {
				ALWAYS_SEARCH_USER_PATHS = NO;
				CLANG_ANALYZER_NONNULL = YES;
				CLANG_ANALYZER_NUMBER_OBJECT_CONVERSION = YES_AGGRESSIVE;
				CLANG_CXX_LANGUAGE_STANDARD = "gnu++14";
				CLANG_CXX_LIBRARY = "libc++";
				CLANG_ENABLE_MODULES = YES;
				CLANG_ENABLE_OBJC_ARC = YES;
				CLANG_WARN_BLOCK_CAPTURE_AUTORELEASING = YES;
				CLANG_WARN_BOOL_CONVERSION = YES;
				CLANG_WARN_COMMA = YES;
				CLANG_WARN_CONSTANT_CONVERSION = YES;
				CLANG_WARN_DIRECT_OBJC_ISA_USAGE = YES_ERROR;
				CLANG_WARN_DOCUMENTATION_COMMENTS = YES;
				CLANG_WARN_EMPTY_BODY = YES;
				CLANG_WARN_ENUM_CONVERSION = YES;
				CLANG_WARN_INFINITE_RECURSION = YES;
				CLANG_WARN_INT_CONVERSION = YES;
				CLANG_WARN_NON_LITERAL_NULL_CONVERSION = YES;
				CLANG_WARN_OBJC_LITERAL_CONVERSION = YES;
				CLANG_WARN_OBJC_ROOT_CLASS = YES_ERROR;
				CLANG_WARN_RANGE_LOOP_ANALYSIS = YES;
				CLANG_WARN_STRICT_PROTOTYPES = YES;
				CLANG_WARN_SUSPICIOUS_MOVE = YES;
				CLANG_WARN_UNGUARDED_AVAILABILITY = YES_AGGRESSIVE;
				CLANG_WARN_UNREACHABLE_CODE = YES;
				CLANG_WARN__DUPLICATE_METHOD_MATCH = YES;
				CODE_SIGN_IDENTITY = "iPhone Developer";
				COPY_PHASE_STRIP = NO;
				DEBUG_INFORMATION_FORMAT = dwarf;
				ENABLE_STRICT_OBJC_MSGSEND = YES;
				ENABLE_TESTABILITY = YES;
				GCC_C_LANGUAGE_STANDARD = gnu11;
				GCC_DYNAMIC_NO_PIC = NO;
				GCC_NO_COMMON_BLOCKS = YES;
				GCC_OPTIMIZATION_LEVEL = 0;
				GCC_PREPROCESSOR_DEFINITIONS = (
					"DEBUG=1",
					"$(inherited)",
				);
				GCC_WARN_64_TO_32_BIT_CONVERSION = YES;
				GCC_WARN_ABOUT_RETURN_TYPE = YES_ERROR;
				GCC_WARN_UNDECLARED_SELECTOR = YES;
				GCC_WARN_UNINITIALIZED_AUTOS = YES_AGGRESSIVE;
				GCC_WARN_UNUSED_FUNCTION = YES;
				GCC_WARN_UNUSED_VARIABLE = YES;
				IPHONEOS_DEPLOYMENT_TARGET = 11.0;
				MTL_ENABLE_DEBUG_INFO = YES;
				ONLY_ACTIVE_ARCH = YES;
				SDKROOT = iphoneos;
				SWIFT_ACTIVE_COMPILATION_CONDITIONS = DEBUG;
				SWIFT_OPTIMIZATION_LEVEL = "-Onone";
			};
			name = Debug;
		};
		17D1216D20035D8500EE6C59 /* Release */ = {
			isa = XCBuildConfiguration;
			buildSettings = {
				ALWAYS_SEARCH_USER_PATHS = NO;
				CLANG_ANALYZER_NONNULL = YES;
				CLANG_ANALYZER_NUMBER_OBJECT_CONVERSION = YES_AGGRESSIVE;
				CLANG_CXX_LANGUAGE_STANDARD = "gnu++14";
				CLANG_CXX_LIBRARY = "libc++";
				CLANG_ENABLE_MODULES = YES;
				CLANG_ENABLE_OBJC_ARC = YES;
				CLANG_WARN_BLOCK_CAPTURE_AUTORELEASING = YES;
				CLANG_WARN_BOOL_CONVERSION = YES;
				CLANG_WARN_COMMA = YES;
				CLANG_WARN_CONSTANT_CONVERSION = YES;
				CLANG_WARN_DIRECT_OBJC_ISA_USAGE = YES_ERROR;
				CLANG_WARN_DOCUMENTATION_COMMENTS = YES;
				CLANG_WARN_EMPTY_BODY = YES;
				CLANG_WARN_ENUM_CONVERSION = YES;
				CLANG_WARN_INFINITE_RECURSION = YES;
				CLANG_WARN_INT_CONVERSION = YES;
				CLANG_WARN_NON_LITERAL_NULL_CONVERSION = YES;
				CLANG_WARN_OBJC_LITERAL_CONVERSION = YES;
				CLANG_WARN_OBJC_ROOT_CLASS = YES_ERROR;
				CLANG_WARN_RANGE_LOOP_ANALYSIS = YES;
				CLANG_WARN_STRICT_PROTOTYPES = YES;
				CLANG_WARN_SUSPICIOUS_MOVE = YES;
				CLANG_WARN_UNGUARDED_AVAILABILITY = YES_AGGRESSIVE;
				CLANG_WARN_UNREACHABLE_CODE = YES;
				CLANG_WARN__DUPLICATE_METHOD_MATCH = YES;
				CODE_SIGN_IDENTITY = "iPhone Developer";
				COPY_PHASE_STRIP = NO;
				DEBUG_INFORMATION_FORMAT = "dwarf-with-dsym";
				ENABLE_NS_ASSERTIONS = NO;
				ENABLE_STRICT_OBJC_MSGSEND = YES;
				GCC_C_LANGUAGE_STANDARD = gnu11;
				GCC_NO_COMMON_BLOCKS = YES;
				GCC_WARN_64_TO_32_BIT_CONVERSION = YES;
				GCC_WARN_ABOUT_RETURN_TYPE = YES_ERROR;
				GCC_WARN_UNDECLARED_SELECTOR = YES;
				GCC_WARN_UNINITIALIZED_AUTOS = YES_AGGRESSIVE;
				GCC_WARN_UNUSED_FUNCTION = YES;
				GCC_WARN_UNUSED_VARIABLE = YES;
				IPHONEOS_DEPLOYMENT_TARGET = 11.0;
				MTL_ENABLE_DEBUG_INFO = NO;
				SDKROOT = iphoneos;
				SWIFT_OPTIMIZATION_LEVEL = "-Owholemodule";
				VALIDATE_PRODUCT = YES;
			};
			name = Release;
		};
		17D1216F20035D8500EE6C59 /* Debug */ = {
			isa = XCBuildConfiguration;
			baseConfigurationReference = 088C87BD0E38F89CFED80488 /* Pods-reuserProduct.debug.xcconfig */;
			buildSettings = {
				ASSETCATALOG_COMPILER_APPICON_NAME = AppIcon;
				CODE_SIGN_STYLE = Automatic;
				DEVELOPMENT_TEAM = U6FH595WTW;
				INFOPLIST_FILE = reuserProduct/Info.plist;
				IPHONEOS_DEPLOYMENT_TARGET = 8.0;
				LD_RUNPATH_SEARCH_PATHS = "$(inherited) @executable_path/Frameworks";
				PRODUCT_BUNDLE_IDENTIFIER = com.qjhome.reuserProduct;
				PRODUCT_NAME = "$(TARGET_NAME)";
				SWIFT_VERSION = 4.0;
				TARGETED_DEVICE_FAMILY = "1,2";
			};
			name = Debug;
		};
		17D1217020035D8500EE6C59 /* Release */ = {
			isa = XCBuildConfiguration;
			baseConfigurationReference = 18FA0D11A3D3C465D974403E /* Pods-reuserProduct.release.xcconfig */;
			buildSettings = {
				ASSETCATALOG_COMPILER_APPICON_NAME = AppIcon;
				CODE_SIGN_STYLE = Automatic;
				DEVELOPMENT_TEAM = U6FH595WTW;
				INFOPLIST_FILE = reuserProduct/Info.plist;
				IPHONEOS_DEPLOYMENT_TARGET = 8.0;
				LD_RUNPATH_SEARCH_PATHS = "$(inherited) @executable_path/Frameworks";
				PRODUCT_BUNDLE_IDENTIFIER = com.qjhome.reuserProduct;
				PRODUCT_NAME = "$(TARGET_NAME)";
				SWIFT_VERSION = 4.0;
				TARGETED_DEVICE_FAMILY = "1,2";
			};
			name = Release;
		};
		17D1217220035D8500EE6C59 /* Debug */ = {
			isa = XCBuildConfiguration;
			buildSettings = {
				ALWAYS_EMBED_SWIFT_STANDARD_LIBRARIES = YES;
				BUNDLE_LOADER = "$(TEST_HOST)";
				CODE_SIGN_STYLE = Automatic;
				DEVELOPMENT_TEAM = U6FH595WTW;
				INFOPLIST_FILE = reuserProductTests/Info.plist;
				LD_RUNPATH_SEARCH_PATHS = "$(inherited) @executable_path/Frameworks @loader_path/Frameworks";
				PRODUCT_BUNDLE_IDENTIFIER = com.qjhome.reuserProductTests;
				PRODUCT_NAME = "$(TARGET_NAME)";
				SWIFT_VERSION = 4.0;
				TARGETED_DEVICE_FAMILY = "1,2";
				TEST_HOST = "$(BUILT_PRODUCTS_DIR)/reuserProduct.app/reuserProduct";
			};
			name = Debug;
		};
		17D1217320035D8500EE6C59 /* Release */ = {
			isa = XCBuildConfiguration;
			buildSettings = {
				ALWAYS_EMBED_SWIFT_STANDARD_LIBRARIES = YES;
				BUNDLE_LOADER = "$(TEST_HOST)";
				CODE_SIGN_STYLE = Automatic;
				DEVELOPMENT_TEAM = U6FH595WTW;
				INFOPLIST_FILE = reuserProductTests/Info.plist;
				LD_RUNPATH_SEARCH_PATHS = "$(inherited) @executable_path/Frameworks @loader_path/Frameworks";
				PRODUCT_BUNDLE_IDENTIFIER = com.qjhome.reuserProductTests;
				PRODUCT_NAME = "$(TARGET_NAME)";
				SWIFT_VERSION = 4.0;
				TARGETED_DEVICE_FAMILY = "1,2";
				TEST_HOST = "$(BUILT_PRODUCTS_DIR)/reuserProduct.app/reuserProduct";
			};
			name = Release;
		};
		17D1217520035D8500EE6C59 /* Debug */ = {
			isa = XCBuildConfiguration;
			buildSettings = {
				ALWAYS_EMBED_SWIFT_STANDARD_LIBRARIES = YES;
				CODE_SIGN_STYLE = Automatic;
				DEVELOPMENT_TEAM = U6FH595WTW;
				INFOPLIST_FILE = reuserProductUITests/Info.plist;
				LD_RUNPATH_SEARCH_PATHS = "$(inherited) @executable_path/Frameworks @loader_path/Frameworks";
				PRODUCT_BUNDLE_IDENTIFIER = com.qjhome.reuserProductUITests;
				PRODUCT_NAME = "$(TARGET_NAME)";
				SWIFT_VERSION = 4.0;
				TARGETED_DEVICE_FAMILY = "1,2";
				TEST_TARGET_NAME = reuserProduct;
			};
			name = Debug;
		};
		17D1217620035D8500EE6C59 /* Release */ = {
			isa = XCBuildConfiguration;
			buildSettings = {
				ALWAYS_EMBED_SWIFT_STANDARD_LIBRARIES = YES;
				CODE_SIGN_STYLE = Automatic;
				DEVELOPMENT_TEAM = U6FH595WTW;
				INFOPLIST_FILE = reuserProductUITests/Info.plist;
				LD_RUNPATH_SEARCH_PATHS = "$(inherited) @executable_path/Frameworks @loader_path/Frameworks";
				PRODUCT_BUNDLE_IDENTIFIER = com.qjhome.reuserProductUITests;
				PRODUCT_NAME = "$(TARGET_NAME)";
				SWIFT_VERSION = 4.0;
				TARGETED_DEVICE_FAMILY = "1,2";
				TEST_TARGET_NAME = reuserProduct;
			};
			name = Release;
		};
/* End XCBuildConfiguration section */

/* Begin XCConfigurationList section */
		17D1214120035D8500EE6C59 /* Build configuration list for PBXProject "reuserProduct" */ = {
			isa = XCConfigurationList;
			buildConfigurations = (
				17D1216C20035D8500EE6C59 /* Debug */,
				17D1216D20035D8500EE6C59 /* Release */,
			);
			defaultConfigurationIsVisible = 0;
			defaultConfigurationName = Release;
		};
		17D1216E20035D8500EE6C59 /* Build configuration list for PBXNativeTarget "reuserProduct" */ = {
			isa = XCConfigurationList;
			buildConfigurations = (
				17D1216F20035D8500EE6C59 /* Debug */,
				17D1217020035D8500EE6C59 /* Release */,
			);
			defaultConfigurationIsVisible = 0;
			defaultConfigurationName = Release;
		};
		17D1217120035D8500EE6C59 /* Build configuration list for PBXNativeTarget "reuserProductTests" */ = {
			isa = XCConfigurationList;
			buildConfigurations = (
				17D1217220035D8500EE6C59 /* Debug */,
				17D1217320035D8500EE6C59 /* Release */,
			);
			defaultConfigurationIsVisible = 0;
			defaultConfigurationName = Release;
		};
		17D1217420035D8500EE6C59 /* Build configuration list for PBXNativeTarget "reuserProductUITests" */ = {
			isa = XCConfigurationList;
			buildConfigurations = (
				17D1217520035D8500EE6C59 /* Debug */,
				17D1217620035D8500EE6C59 /* Release */,
			);
			defaultConfigurationIsVisible = 0;
			defaultConfigurationName = Release;
		};
/* End XCConfigurationList section */
	};
	rootObject = 17D1213E20035D8500EE6C59 /* Project object */;
}
